
Microsoft Visual Studio Solution File, Format Version 12.00
# Visual Studio Version 16
VisualStudioVersion = 16.0.29001.49
MinimumVisualStudioVersion = 10.0.40219.1
Project("{FAE04EC0-301F-11D3-BF4B-00C04F79EFBC}") = "Spis Gier", "Spis Gier\Spis Gier.csproj", "{A3580EA5-8367-4660-9726-C56C839B9646}"
EndProject
Global
	GlobalSection(SolutionConfigurationPlatforms) = preSolution
		Debug|Any CPU = Debug|Any CPU
		Release|Any CPU = Release|Any CPU
	EndGlobalSection
	GlobalSection(ProjectConfigurationPlatforms) = postSolution
		{A3580EA5-8367-4660-9726-C56C839B9646}.Debug|Any CPU.ActiveCfg = Debug|Any CPU
		{A3580EA5-8367-4660-9726-C56C839B9646}.Debug|Any CPU.Build.0 = Debug|Any CPU
		{A3580EA5-8367-4660-9726-C56C839B9646}.Release|Any CPU.ActiveCfg = Release|Any CPU
		{A3580EA5-8367-4660-9726-C56C839B9646}.Release|Any CPU.Build.0 = Release|Any CPU
	EndGlobalSection
	GlobalSection(SolutionProperties) = preSolution
		HideSolutionNode = FALSE
	EndGlobalSection
	GlobalSection(ExtensibilityGlobals) = postSolution
		SolutionGuid = {F44D3D31-18BE-4CE9-BA39-2FB1EF042331}
	EndGlobalSection
EndGlobal
